
Microsoft Visual Studio Solution File, Format Version 12.00
# Visual Studio 15
Project("{2150E333-8FDC-42A3-9474-1A3956D46DE8}") = "Microservices", "Microservices", "{DDDCB80D-C64C-4CF7-9A17-61B58A624655}"
EndProject
Project("{2150E333-8FDC-42A3-9474-1A3956D46DE8}") = "Domain", "Domain", "{6777DF1A-33B6-4719-A1AC-69FF5DC9613F}"
EndProject
Project("{2150E333-8FDC-42A3-9474-1A3956D46DE8}") = "Infra.Bus", "Infra.Bus", "{628144AD-6DB9-46F3-86FA-847E487D5DAD}"
EndProject
Project("{2150E333-8FDC-42A3-9474-1A3956D46DE8}") = "Infra.IoC", "Infra.IoC", "{1D9D7EC9-D322-469D-9768-10717605DC00}"
EndProject
Project("{2150E333-8FDC-42A3-9474-1A3956D46DE8}") = "Presentation", "Presentation", "{99C51FA6-3317-4A1D-A5A6-6A39C8102CE9}"
EndProject
Project("{FAE04EC0-301F-11D3-BF4B-00C04F79EFBC}") = "MicroRabbit.Domain.Core", "MicroRabbit.Core.Domain\MicroRabbit.Domain.Core.csproj", "{705834CC-9702-4449-998A-1C2BA1BD5673}"
EndProject
Project("{FAE04EC0-301F-11D3-BF4B-00C04F79EFBC}") = "MicroRabbit.Infra.Bus", "MicroRabbit.Infra.Bus\MicroRabbit.Infra.Bus.csproj", "{E3095EC3-5596-4F6C-B785-F1197663C8DA}"
EndProject
Project("{FAE04EC0-301F-11D3-BF4B-00C04F79EFBC}") = "MicroRabbit.Infra.IoC", "MicroRabbit.Infra.IoC\MicroRabbit.Infra.IoC.csproj", "{E0CBD26B-FC69-4652-8ACD-0314C8C27237}"
EndProject
Project("{2150E333-8FDC-42A3-9474-1A3956D46DE8}") = "Banking", "Banking", "{F826B297-AFE8-4853-B1DF-D01B421A14B5}"
EndProject
Project("{2150E333-8FDC-42A3-9474-1A3956D46DE8}") = "Api", "Api", "{3D2B9B24-0385-47B5-B7E1-40D59F1E0E6C}"
EndProject
Project("{2150E333-8FDC-42A3-9474-1A3956D46DE8}") = "Application", "Application", "{336DB310-83DF-4DE7-914D-DEF790658790}"
EndProject
Project("{2150E333-8FDC-42A3-9474-1A3956D46DE8}") = "Data", "Data", "{8CC5CDD3-ED75-47FF-9848-2FFDA85CFC40}"
EndProject
Project("{2150E333-8FDC-42A3-9474-1A3956D46DE8}") = "Domain", "Domain", "{609D08A2-6C08-4864-A843-077C62BCE443}"
EndProject
Project("{FAE04EC0-301F-11D3-BF4B-00C04F79EFBC}") = "MicroRabbit.Banking.Api", "MicroRabbit.Banking.Api\MicroRabbit.Banking.Api.csproj", "{3D629A05-3095-42CA-A12D-CDDE67218AE7}"
EndProject
Project("{FAE04EC0-301F-11D3-BF4B-00C04F79EFBC}") = "MicroRabbit.Banking.Application", "MicroRabbit.Banking.Application\MicroRabbit.Banking.Application.csproj", "{2E382BB8-5CA9-4EB5-AC9A-352060A8104E}"
EndProject
Project("{FAE04EC0-301F-11D3-BF4B-00C04F79EFBC}") = "MicroRabbit.Banking.Data", "MicroRabbit.Banking.Data\MicroRabbit.Banking.Data.csproj", "{3034C50F-32AD-4726-B50E-9704615E2DE4}"
EndProject
Project("{FAE04EC0-301F-11D3-BF4B-00C04F79EFBC}") = "MicroRabbit.Banking.Domain", "MicroRabbit.Banking.Domain\MicroRabbit.Banking.Domain.csproj", "{C10ABF22-58CB-4C0F-BC1B-C47E63C52CC6}"
EndProject
Global
	GlobalSection(SolutionConfigurationPlatforms) = preSolution
		Debug|Any CPU = Debug|Any CPU
		Release|Any CPU = Release|Any CPU
	EndGlobalSection
	GlobalSection(ProjectConfigurationPlatforms) = postSolution
		{705834CC-9702-4449-998A-1C2BA1BD5673}.Debug|Any CPU.ActiveCfg = Debug|Any CPU
		{705834CC-9702-4449-998A-1C2BA1BD5673}.Debug|Any CPU.Build.0 = Debug|Any CPU
		{705834CC-9702-4449-998A-1C2BA1BD5673}.Release|Any CPU.ActiveCfg = Release|Any CPU
		{705834CC-9702-4449-998A-1C2BA1BD5673}.Release|Any CPU.Build.0 = Release|Any CPU
		{E3095EC3-5596-4F6C-B785-F1197663C8DA}.Debug|Any CPU.ActiveCfg = Debug|Any CPU
		{E3095EC3-5596-4F6C-B785-F1197663C8DA}.Debug|Any CPU.Build.0 = Debug|Any CPU
		{E3095EC3-5596-4F6C-B785-F1197663C8DA}.Release|Any CPU.ActiveCfg = Release|Any CPU
		{E3095EC3-5596-4F6C-B785-F1197663C8DA}.Release|Any CPU.Build.0 = Release|Any CPU
		{E0CBD26B-FC69-4652-8ACD-0314C8C27237}.Debug|Any CPU.ActiveCfg = Debug|Any CPU
		{E0CBD26B-FC69-4652-8ACD-0314C8C27237}.Debug|Any CPU.Build.0 = Debug|Any CPU
		{E0CBD26B-FC69-4652-8ACD-0314C8C27237}.Release|Any CPU.ActiveCfg = Release|Any CPU
		{E0CBD26B-FC69-4652-8ACD-0314C8C27237}.Release|Any CPU.Build.0 = Release|Any CPU
		{3D629A05-3095-42CA-A12D-CDDE67218AE7}.Debug|Any CPU.ActiveCfg = Debug|Any CPU
		{3D629A05-3095-42CA-A12D-CDDE67218AE7}.Debug|Any CPU.Build.0 = Debug|Any CPU
		{3D629A05-3095-42CA-A12D-CDDE67218AE7}.Release|Any CPU.ActiveCfg = Release|Any CPU
		{3D629A05-3095-42CA-A12D-CDDE67218AE7}.Release|Any CPU.Build.0 = Release|Any CPU
		{2E382BB8-5CA9-4EB5-AC9A-352060A8104E}.Debug|Any CPU.ActiveCfg = Debug|Any CPU
		{2E382BB8-5CA9-4EB5-AC9A-352060A8104E}.Debug|Any CPU.Build.0 = Debug|Any CPU
		{2E382BB8-5CA9-4EB5-AC9A-352060A8104E}.Release|Any CPU.ActiveCfg = Release|Any CPU
		{2E382BB8-5CA9-4EB5-AC9A-352060A8104E}.Release|Any CPU.Build.0 = Release|Any CPU
		{3034C50F-32AD-4726-B50E-9704615E2DE4}.Debug|Any CPU.ActiveCfg = Debug|Any CPU
		{3034C50F-32AD-4726-B50E-9704615E2DE4}.Debug|Any CPU.Build.0 = Debug|Any CPU
		{3034C50F-32AD-4726-B50E-9704615E2DE4}.Release|Any CPU.ActiveCfg = Release|Any CPU
		{3034C50F-32AD-4726-B50E-9704615E2DE4}.Release|Any CPU.Build.0 = Release|Any CPU
		{C10ABF22-58CB-4C0F-BC1B-C47E63C52CC6}.Debug|Any CPU.ActiveCfg = Debug|Any CPU
		{C10ABF22-58CB-4C0F-BC1B-C47E63C52CC6}.Debug|Any CPU.Build.0 = Debug|Any CPU
		{C10ABF22-58CB-4C0F-BC1B-C47E63C52CC6}.Release|Any CPU.ActiveCfg = Release|Any CPU
		{C10ABF22-58CB-4C0F-BC1B-C47E63C52CC6}.Release|Any CPU.Build.0 = Release|Any CPU
	EndGlobalSection
	GlobalSection(NestedProjects) = preSolution
		{705834CC-9702-4449-998A-1C2BA1BD5673} = {6777DF1A-33B6-4719-A1AC-69FF5DC9613F}
		{E3095EC3-5596-4F6C-B785-F1197663C8DA} = {628144AD-6DB9-46F3-86FA-847E487D5DAD}
		{E0CBD26B-FC69-4652-8ACD-0314C8C27237} = {1D9D7EC9-D322-469D-9768-10717605DC00}
		{F826B297-AFE8-4853-B1DF-D01B421A14B5} = {DDDCB80D-C64C-4CF7-9A17-61B58A624655}
		{3D2B9B24-0385-47B5-B7E1-40D59F1E0E6C} = {F826B297-AFE8-4853-B1DF-D01B421A14B5}
		{336DB310-83DF-4DE7-914D-DEF790658790} = {F826B297-AFE8-4853-B1DF-D01B421A14B5}
		{8CC5CDD3-ED75-47FF-9848-2FFDA85CFC40} = {F826B297-AFE8-4853-B1DF-D01B421A14B5}
		{609D08A2-6C08-4864-A843-077C62BCE443} = {F826B297-AFE8-4853-B1DF-D01B421A14B5}
		{3D629A05-3095-42CA-A12D-CDDE67218AE7} = {3D2B9B24-0385-47B5-B7E1-40D59F1E0E6C}
		{2E382BB8-5CA9-4EB5-AC9A-352060A8104E} = {336DB310-83DF-4DE7-914D-DEF790658790}
		{3034C50F-32AD-4726-B50E-9704615E2DE4} = {8CC5CDD3-ED75-47FF-9848-2FFDA85CFC40}
		{C10ABF22-58CB-4C0F-BC1B-C47E63C52CC6} = {609D08A2-6C08-4864-A843-077C62BCE443}
	EndGlobalSection
EndGlobal
